# THIS IS AN AUTOGENERATED FILE. DO NOT EDIT THIS FILE DIRECTLY.
# yarn lockfile v1


"@dcloudio/uni-ui@^1.1.8":
  "integrity" "sha1-fzENJR3ybH54vzz/MCO2b7H3AgQ="
  "resolved" "https://registry.npm.taobao.org/@dcloudio/uni-ui/download/@dcloudio/uni-ui-1.2.8.tgz"
  "version" "1.2.8"

"deepmerge@^4.2.2":
  "integrity" "sha1-RNLqNnm49NT/ujPwPYZfwee/SVU="
  "resolved" "https://registry.npm.taobao.org/deepmerge/download/deepmerge-4.2.2.tgz"
  "version" "4.2.2"

"draggable@^4.2.0":
  "integrity" "sha1-FJwMoXbfbYtRIEjI5FH0mfwEe5o="
  "resolved" "https://registry.npm.taobao.org/draggable/download/draggable-4.2.0.tgz"
  "version" "4.2.0"

"moment@^2.26.0":
  "integrity" "sha1-sr52n6MZQL6e7qZGnAdeNQBvo9M="
  "resolved" "https://registry.npm.taobao.org/moment/download/moment-2.29.1.tgz?cache=0&sync_timestamp=1601983320283&other_urls=https%3A%2F%2Fregistry.npm.taobao.org%2Fmoment%2Fdownload%2Fmoment-2.29.1.tgz"
  "version" "2.29.1"

"shvl@^2.0.0":
  "integrity" "sha1-5Jwht/IjBB3TkSxc6avyR0tp5oA="
  "resolved" "https://registry.npm.taobao.org/shvl/download/shvl-2.0.1.tgz"
  "version" "2.0.1"

"sortablejs@1.10.2":
  "integrity" "sha1-bkA2TZE/mLhaFPZnj5K1wSIfUpA="
  "resolved" "https://registry.npm.taobao.org/sortablejs/download/sortablejs-1.10.2.tgz"
  "version" "1.10.2"

"throttle-debounce@^2.0.1":
  "integrity" "sha1-/TGGXmZQIHHkEYF+JBRls+nDcuI="
  "resolved" "https://registry.npm.taobao.org/throttle-debounce/download/throttle-debounce-2.3.0.tgz"
  "version" "2.3.0"

"v-viewer@^1.5.1":
  "integrity" "sha1-lIBNg4FMylZuaRM5/h5keTSG8gA="
  "resolved" "https://registry.npm.taobao.org/v-viewer/download/v-viewer-1.5.1.tgz"
  "version" "1.5.1"
  dependencies:
    "throttle-debounce" "^2.0.1"
    "viewerjs" "^1.5.0"

"vconsole@^3.3.4":
  "integrity" "sha1-p9rNiIez0+kC6NGEJc2lbDTnf1E="
  "resolved" "https://registry.npm.taobao.org/vconsole/download/vconsole-3.3.4.tgz"
  "version" "3.3.4"

"viewerjs@^1.5.0":
  "integrity" "sha1-jcYLVS0YwTZb7Gv+98IhqzBg8Yg="
  "resolved" "https://registry.npm.taobao.org/viewerjs/download/viewerjs-1.8.0.tgz?cache=0&sync_timestamp=1604814314053&other_urls=https%3A%2F%2Fregistry.npm.taobao.org%2Fviewerjs%2Fdownload%2Fviewerjs-1.8.0.tgz"
  "version" "1.8.0"

"vue@^2.0 || ^3.0", "vue@^2.0.0":
  "integrity" "sha1-9evU+mvShpQD4pqJau1JBEVskSM="
  "resolved" "https://registry.npm.taobao.org/vue/download/vue-2.6.12.tgz?cache=0&sync_timestamp=1606946259454&other_urls=https%3A%2F%2Fregistry.npm.taobao.org%2Fvue%2Fdownload%2Fvue-2.6.12.tgz"
  "version" "2.6.12"

"vuedraggable@^2.24.0":
  "integrity" "sha1-Q8k4SbdGokzlA+Ej1bJZxwG6DRk="
  "resolved" "https://registry.npm.taobao.org/vuedraggable/download/vuedraggable-2.24.3.tgz?cache=0&sync_timestamp=1606756924603&other_urls=https%3A%2F%2Fregistry.npm.taobao.org%2Fvuedraggable%2Fdownload%2Fvuedraggable-2.24.3.tgz"
  "version" "2.24.3"
  dependencies:
    "sortablejs" "1.10.2"

"vuex-persistedstate@^4.0.0-beta.1":
  "integrity" "sha1-+EzajR3Ru16xn05kdT94slafYF8="
  "resolved" "https://registry.npm.taobao.org/vuex-persistedstate/download/vuex-persistedstate-4.0.0-beta.1.tgz?cache=0&sync_timestamp=1602227372366&other_urls=https%3A%2F%2Fregistry.npm.taobao.org%2Fvuex-persistedstate%2Fdownload%2Fvuex-persistedstate-4.0.0-beta.1.tgz"
  "version" "4.0.0-beta.1"
  dependencies:
    "deepmerge" "^4.2.2"
    "shvl" "^2.0.0"

"vuex@^3.0 || ^4.0":
  "integrity" "sha1-le+lalj3YHwTWwUzUIM6CeAaqBM="
  "resolved" "https://registry.npm.taobao.org/vuex/download/vuex-3.6.0.tgz?cache=0&sync_timestamp=1606318256705&other_urls=https%3A%2F%2Fregistry.npm.taobao.org%2Fvuex%2Fdownload%2Fvuex-3.6.0.tgz"
  "version" "3.6.0"
